// !$*UTF8*$!
{
	archiveVersion = 1;
	classes = {
	};
	objectVersion = 56;
	objects = {

/* Begin PBXBuildFile section */
		2615BACC2B347BBC00B14AA2 /* HabitsApp.swift in Sources */ = {isa = PBXBuildFile; fileRef = 2615BACB2B347BBC00B14AA2 /* HabitsApp.swift */; };
		2615BACE2B347BBC00B14AA2 /* HabitView.swift in Sources */ = {isa = PBXBuildFile; fileRef = 2615BACD2B347BBC00B14AA2 /* HabitView.swift */; };
		2615BAD02B347BBC00B14AA2 /* Item.swift in Sources */ = {isa = PBXBuildFile; fileRef = 2615BACF2B347BBC00B14AA2 /* Item.swift */; };
		2615BAD22B347BBD00B14AA2 /* Assets.xcassets in Resources */ = {isa = PBXBuildFile; fileRef = 2615BAD12B347BBD00B14AA2 /* Assets.xcassets */; };
		2615BAD52B347BBD00B14AA2 /* Preview Assets.xcassets in Resources */ = {isa = PBXBuildFile; fileRef = 2615BAD42B347BBD00B14AA2 /* Preview Assets.xcassets */; };
		2615BADF2B347BBD00B14AA2 /* HabitsTests.swift in Sources */ = {isa = PBXBuildFile; fileRef = 2615BADE2B347BBD00B14AA2 /* HabitsTests.swift */; };
		2615BAE92B347BBD00B14AA2 /* HabitsUITests.swift in Sources */ = {isa = PBXBuildFile; fileRef = 2615BAE82B347BBD00B14AA2 /* HabitsUITests.swift */; };
		2615BAEB2B347BBD00B14AA2 /* HabitsUITestsLaunchTests.swift in Sources */ = {isa = PBXBuildFile; fileRef = 2615BAEA2B347BBD00B14AA2 /* HabitsUITestsLaunchTests.swift */; };
		2615BAF92B347DA100B14AA2 /* Habit.swift in Sources */ = {isa = PBXBuildFile; fileRef = 2615BAF82B347DA100B14AA2 /* Habit.swift */; };
		2615BB012B34822E00B14AA2 /* EmmasHabits.swift in Sources */ = {isa = PBXBuildFile; fileRef = 2615BB002B34822E00B14AA2 /* EmmasHabits.swift */; };
		2615BB052B3485F300B14AA2 /* ViewModel.swift in Sources */ = {isa = PBXBuildFile; fileRef = 2615BB042B3485F300B14AA2 /* ViewModel.swift */; };
		2615BB072B348EA800B14AA2 /* HabitListView.swift in Sources */ = {isa = PBXBuildFile; fileRef = 2615BB062B348EA800B14AA2 /* HabitListView.swift */; };
		2615BB092B3492A900B14AA2 /* HabitDetailView.swift in Sources */ = {isa = PBXBuildFile; fileRef = 2615BB082B3492A900B14AA2 /* HabitDetailView.swift */; };
/* End PBXBuildFile section */

/* Begin PBXContainerItemProxy section */
		2615BADB2B347BBD00B14AA2 /* PBXContainerItemProxy */ = {
			isa = PBXContainerItemProxy;
			containerPortal = 2615BAC02B347BBC00B14AA2 /* Project object */;
			proxyType = 1;
			remoteGlobalIDString = 2615BAC72B347BBC00B14AA2;
			remoteInfo = Habits;
		};
		2615BAE52B347BBD00B14AA2 /* PBXContainerItemProxy */ = {
			isa = PBXContainerItemProxy;
			containerPortal = 2615BAC02B347BBC00B14AA2 /* Project object */;
			proxyType = 1;
			remoteGlobalIDString = 2615BAC72B347BBC00B14AA2;
			remoteInfo = Habits;
		};
/* End PBXContainerItemProxy section */

/* Begin PBXFileReference section */
		2615BAC82B347BBC00B14AA2 /* Habits.app */ = {isa = PBXFileReference; explicitFileType = wrapper.application; includeInIndex = 0; path = Habits.app; sourceTree = BUILT_PRODUCTS_DIR; };
		2615BACB2B347BBC00B14AA2 /* HabitsApp.swift */ = {isa = PBXFileReference; lastKnownFileType = sourcecode.swift; path = HabitsApp.swift; sourceTree = "<group>"; };
		2615BACD2B347BBC00B14AA2 /* HabitView.swift */ = {isa = PBXFileReference; lastKnownFileType = sourcecode.swift; path = HabitView.swift; sourceTree = "<group>"; };
		2615BACF2B347BBC00B14AA2 /* Item.swift */ = {isa = PBXFileReference; lastKnownFileType = sourcecode.swift; path = Item.swift; sourceTree = "<group>"; };
		2615BAD12B347BBD00B14AA2 /* Assets.xcassets */ = {isa = PBXFileReference; lastKnownFileType = folder.assetcatalog; path = Assets.xcassets; sourceTree = "<group>"; };
		2615BAD42B347BBD00B14AA2 /* Preview Assets.xcassets */ = {isa = PBXFileReference; lastKnownFileType = folder.assetcatalog; path = "Preview Assets.xcassets"; sourceTree = "<group>"; };
		2615BADA2B347BBD00B14AA2 /* HabitsTests.xctest */ = {isa = PBXFileReference; explicitFileType = wrapper.cfbundle; includeInIndex = 0; path = HabitsTests.xctest; sourceTree = BUILT_PRODUCTS_DIR; };
		2615BADE2B347BBD00B14AA2 /* HabitsTests.swift */ = {isa = PBXFileReference; lastKnownFileType = sourcecode.swift; path = HabitsTests.swift; sourceTree = "<group>"; };
		2615BAE42B347BBD00B14AA2 /* HabitsUITests.xctest */ = {isa = PBXFileReference; explicitFileType = wrapper.cfbundle; includeInIndex = 0; path = HabitsUITests.xctest; sourceTree = BUILT_PRODUCTS_DIR; };
		2615BAE82B347BBD00B14AA2 /* HabitsUITests.swift */ = {isa = PBXFileReference; lastKnownFileType = sourcecode.swift; path = HabitsUITests.swift; sourceTree = "<group>"; };
		2615BAEA2B347BBD00B14AA2 /* HabitsUITestsLaunchTests.swift */ = {isa = PBXFileReference; lastKnownFileType = sourcecode.swift; path = HabitsUITestsLaunchTests.swift; sourceTree = "<group>"; };
		2615BAF82B347DA100B14AA2 /* Habit.swift */ = {isa = PBXFileReference; lastKnownFileType = sourcecode.swift; path = Habit.swift; sourceTree = "<group>"; };
		2615BB002B34822E00B14AA2 /* EmmasHabits.swift */ = {isa = PBXFileReference; lastKnownFileType = sourcecode.swift; path = EmmasHabits.swift; sourceTree = "<group>"; };
		2615BB042B3485F300B14AA2 /* ViewModel.swift */ = {isa = PBXFileReference; lastKnownFileType = sourcecode.swift; path = ViewModel.swift; sourceTree = "<group>"; };
		2615BB062B348EA800B14AA2 /* HabitListView.swift */ = {isa = PBXFileReference; lastKnownFileType = sourcecode.swift; path = HabitListView.swift; sourceTree = "<group>"; };
		2615BB082B3492A900B14AA2 /* HabitDetailView.swift */ = {isa = PBXFileReference; lastKnownFileType = sourcecode.swift; path = HabitDetailView.swift; sourceTree = "<group>"; };
/* End PBXFileReference section */

/* Begin PBXFrameworksBuildPhase section */
		2615BAC52B347BBC00B14AA2 /* Frameworks */ = {
			isa = PBXFrameworksBuildPhase;
			buildActionMask = 2147483647;
			files = (
			);
			runOnlyForDeploymentPostprocessing = 0;
		};
		2615BAD72B347BBD00B14AA2 /* Frameworks */ = {
			isa = PBXFrameworksBuildPhase;
			buildActionMask = 2147483647;
			files = (
			);
			runOnlyForDeploymentPostprocessing = 0;
		};
		2615BAE12B347BBD00B14AA2 /* Frameworks */ = {
			isa = PBXFrameworksBuildPhase;
			buildActionMask = 2147483647;
			files = (
			);
			runOnlyForDeploymentPostprocessing = 0;
		};
/* End PBXFrameworksBuildPhase section */

/* Begin PBXGroup section */
		2615BABF2B347BBC00B14AA2 = {
			isa = PBXGroup;
			children = (
				2615BACA2B347BBC00B14AA2 /* Habits */,
				2615BADD2B347BBD00B14AA2 /* HabitsTests */,
				2615BAE72B347BBD00B14AA2 /* HabitsUITests */,
				2615BAC92B347BBC00B14AA2 /* Products */,
			);
			sourceTree = "<group>";
		};
		2615BAC92B347BBC00B14AA2 /* Products */ = {
			isa = PBXGroup;
			children = (
				2615BAC82B347BBC00B14AA2 /* Habits.app */,
				2615BADA2B347BBD00B14AA2 /* HabitsTests.xctest */,
				2615BAE42B347BBD00B14AA2 /* HabitsUITests.xctest */,
			);
			name = Products;
			sourceTree = "<group>";
		};
		2615BACA2B347BBC00B14AA2 /* Habits */ = {
			isa = PBXGroup;
			children = (
				2615BAF72B347D8A00B14AA2 /* Model */,
				2615BB032B3485D200B14AA2 /* View */,
				2615BAFD2B3481BD00B14AA2 /* Utilities */,
				2615BACB2B347BBC00B14AA2 /* HabitsApp.swift */,
				2615BACF2B347BBC00B14AA2 /* Item.swift */,
				2615BB022B3485B200B14AA2 /* View Model */,
				2615BAD12B347BBD00B14AA2 /* Assets.xcassets */,
				2615BAD32B347BBD00B14AA2 /* Preview Content */,
			);
			path = Habits;
			sourceTree = "<group>";
		};
		2615BAD32B347BBD00B14AA2 /* Preview Content */ = {
			isa = PBXGroup;
			children = (
				2615BAD42B347BBD00B14AA2 /* Preview Assets.xcassets */,
			);
			path = "Preview Content";
			sourceTree = "<group>";
		};
		2615BADD2B347BBD00B14AA2 /* HabitsTests */ = {
			isa = PBXGroup;
			children = (
				2615BADE2B347BBD00B14AA2 /* HabitsTests.swift */,
			);
			path = HabitsTests;
			sourceTree = "<group>";
		};
		2615BAE72B347BBD00B14AA2 /* HabitsUITests */ = {
			isa = PBXGroup;
			children = (
				2615BAE82B347BBD00B14AA2 /* HabitsUITests.swift */,
				2615BAEA2B347BBD00B14AA2 /* HabitsUITestsLaunchTests.swift */,
			);
			path = HabitsUITests;
			sourceTree = "<group>";
		};
		2615BAF72B347D8A00B14AA2 /* Model */ = {
			isa = PBXGroup;
			children = (
				2615BAF82B347DA100B14AA2 /* Habit.swift */,
			);
			name = Model;
			sourceTree = "<group>";
		};
		2615BAFD2B3481BD00B14AA2 /* Utilities */ = {
			isa = PBXGroup;
			children = (
				2615BB002B34822E00B14AA2 /* EmmasHabits.swift */,
			);
			name = Utilities;
			sourceTree = "<group>";
		};
		2615BB022B3485B200B14AA2 /* View Model */ = {
			isa = PBXGroup;
			children = (
				2615BB042B3485F300B14AA2 /* ViewModel.swift */,
			);
			name = "View Model";
			sourceTree = "<group>";
		};
		2615BB032B3485D200B14AA2 /* View */ = {
			isa = PBXGroup;
			children = (
				2615BACD2B347BBC00B14AA2 /* HabitView.swift */,
				2615BB062B348EA800B14AA2 /* HabitListView.swift */,
				2615BB082B3492A900B14AA2 /* HabitDetailView.swift */,
			);
			name = View;
			sourceTree = "<group>";
		};
/* End PBXGroup section */

/* Begin PBXNativeTarget section */
		2615BAC72B347BBC00B14AA2 /* Habits */ = {
			isa = PBXNativeTarget;
			buildConfigurationList = 2615BAEE2B347BBD00B14AA2 /* Build configuration list for PBXNativeTarget "Habits" */;
			buildPhases = (
				2615BAC42B347BBC00B14AA2 /* Sources */,
				2615BAC52B347BBC00B14AA2 /* Frameworks */,
				2615BAC62B347BBC00B14AA2 /* Resources */,
			);
			buildRules = (
			);
			dependencies = (
			);
			name = Habits;
			productName = Habits;
			productReference = 2615BAC82B347BBC00B14AA2 /* Habits.app */;
			productType = "com.apple.product-type.application";
		};
		2615BAD92B347BBD00B14AA2 /* HabitsTests */ = {
			isa = PBXNativeTarget;
			buildConfigurationList = 2615BAF12B347BBD00B14AA2 /* Build configuration list for PBXNativeTarget "HabitsTests" */;
			buildPhases = (
				2615BAD62B347BBD00B14AA2 /* Sources */,
				2615BAD72B347BBD00B14AA2 /* Frameworks */,
				2615BAD82B347BBD00B14AA2 /* Resources */,
			);
			buildRules = (
			);
			dependencies = (
				2615BADC2B347BBD00B14AA2 /* PBXTargetDependency */,
			);
			name = HabitsTests;
			productName = HabitsTests;
			productReference = 2615BADA2B347BBD00B14AA2 /* HabitsTests.xctest */;
			productType = "com.apple.product-type.bundle.unit-test";
		};
		2615BAE32B347BBD00B14AA2 /* HabitsUITests */ = {
			isa = PBXNativeTarget;
			buildConfigurationList = 2615BAF42B347BBD00B14AA2 /* Build configuration list for PBXNativeTarget "HabitsUITests" */;
			buildPhases = (
				2615BAE02B347BBD00B14AA2 /* Sources */,
				2615BAE12B347BBD00B14AA2 /* Frameworks */,
				2615BAE22B347BBD00B14AA2 /* Resources */,
			);
			buildRules = (
			);
			dependencies = (
				2615BAE62B347BBD00B14AA2 /* PBXTargetDependency */,
			);
			name = HabitsUITests;
			productName = HabitsUITests;
			productReference = 2615BAE42B347BBD00B14AA2 /* HabitsUITests.xctest */;
			productType = "com.apple.product-type.bundle.ui-testing";
		};
/* End PBXNativeTarget section */

/* Begin PBXProject section */
		2615BAC02B347BBC00B14AA2 /* Project object */ = {
			isa = PBXProject;
			attributes = {
				BuildIndependentTargetsInParallel = 1;
				LastSwiftUpdateCheck = 1500;
				LastUpgradeCheck = 1500;
				TargetAttributes = {
					2615BAC72B347BBC00B14AA2 = {
						CreatedOnToolsVersion = 15.0.1;
					};
					2615BAD92B347BBD00B14AA2 = {
						CreatedOnToolsVersion = 15.0.1;
						TestTargetID = 2615BAC72B347BBC00B14AA2;
					};
					2615BAE32B347BBD00B14AA2 = {
						CreatedOnToolsVersion = 15.0.1;
						TestTargetID = 2615BAC72B347BBC00B14AA2;
					};
				};
			};
			buildConfigurationList = 2615BAC32B347BBC00B14AA2 /* Build configuration list for PBXProject "Habits" */;
			compatibilityVersion = "Xcode 14.0";
			developmentRegion = en;
			hasScannedForEncodings = 0;
			knownRegions = (
				en,
				Base,
			);
			mainGroup = 2615BABF2B347BBC00B14AA2;
			productRefGroup = 2615BAC92B347BBC00B14AA2 /* Products */;
			projectDirPath = "";
			projectRoot = "";
			targets = (
				2615BAC72B347BBC00B14AA2 /* Habits */,
				2615BAD92B347BBD00B14AA2 /* HabitsTests */,
				2615BAE32B347BBD00B14AA2 /* HabitsUITests */,
			);
		};
/* End PBXProject section */

/* Begin PBXResourcesBuildPhase section */
		2615BAC62B347BBC00B14AA2 /* Resources */ = {
			isa = PBXResourcesBuildPhase;
			buildActionMask = 2147483647;
			files = (
				2615BAD52B347BBD00B14AA2 /* Preview Assets.xcassets in Resources */,
				2615BAD22B347BBD00B14AA2 /* Assets.xcassets in Resources */,
			);
			runOnlyForDeploymentPostprocessing = 0;
		};
		2615BAD82B347BBD00B14AA2 /* Resources */ = {
			isa = PBXResourcesBuildPhase;
			buildActionMask = 2147483647;
			files = (
			);
			runOnlyForDeploymentPostprocessing = 0;
		};
		2615BAE22B347BBD00B14AA2 /* Resources */ = {
			isa = PBXResourcesBuildPhase;
			buildActionMask = 2147483647;
			files = (
			);
			runOnlyForDeploymentPostprocessing = 0;
		};
/* End PBXResourcesBuildPhase section */

/* Begin PBXSourcesBuildPhase section */
		2615BAC42B347BBC00B14AA2 /* Sources */ = {
			isa = PBXSourcesBuildPhase;
			buildActionMask = 2147483647;
			files = (
				2615BACE2B347BBC00B14AA2 /* HabitView.swift in Sources */,
				2615BB012B34822E00B14AA2 /* EmmasHabits.swift in Sources */,
				2615BAD02B347BBC00B14AA2 /* Item.swift in Sources */,
				2615BAF92B347DA100B14AA2 /* Habit.swift in Sources */,
				2615BB052B3485F300B14AA2 /* ViewModel.swift in Sources */,
				2615BACC2B347BBC00B14AA2 /* HabitsApp.swift in Sources */,
				2615BB092B3492A900B14AA2 /* HabitDetailView.swift in Sources */,
				2615BB072B348EA800B14AA2 /* HabitListView.swift in Sources */,
			);
			runOnlyForDeploymentPostprocessing = 0;
		};
		2615BAD62B347BBD00B14AA2 /* Sources */ = {
			isa = PBXSourcesBuildPhase;
			buildActionMask = 2147483647;
			files = (
				2615BADF2B347BBD00B14AA2 /* HabitsTests.swift in Sources */,
			);
			runOnlyForDeploymentPostprocessing = 0;
		};
		2615BAE02B347BBD00B14AA2 /* Sources */ = {
			isa = PBXSourcesBuildPhase;
			buildActionMask = 2147483647;
			files = (
				2615BAE92B347BBD00B14AA2 /* HabitsUITests.swift in Sources */,
				2615BAEB2B347BBD00B14AA2 /* HabitsUITestsLaunchTests.swift in Sources */,
			);
			runOnlyForDeploymentPostprocessing = 0;
		};
/* End PBXSourcesBuildPhase section */

/* Begin PBXTargetDependency section */
		2615BADC2B347BBD00B14AA2 /* PBXTargetDependency */ = {
			isa = PBXTargetDependency;
			target = 2615BAC72B347BBC00B14AA2 /* Habits */;
			targetProxy = 2615BADB2B347BBD00B14AA2 /* PBXContainerItemProxy */;
		};
		2615BAE62B347BBD00B14AA2 /* PBXTargetDependency */ = {
			isa = PBXTargetDependency;
			target = 2615BAC72B347BBC00B14AA2 /* Habits */;
			targetProxy = 2615BAE52B347BBD00B14AA2 /* PBXContainerItemProxy */;
		};
/* End PBXTargetDependency section */

/* Begin XCBuildConfiguration section */
		2615BAEC2B347BBD00B14AA2 /* Debug */ = {
			isa = XCBuildConfiguration;
			buildSettings = {
				ALWAYS_SEARCH_USER_PATHS = NO;
				ASSETCATALOG_COMPILER_GENERATE_SWIFT_ASSET_SYMBOL_EXTENSIONS = YES;
				CLANG_ANALYZER_NONNULL = YES;
				CLANG_ANALYZER_NUMBER_OBJECT_CONVERSION = YES_AGGRESSIVE;
				CLANG_CXX_LANGUAGE_STANDARD = "gnu++20";
				CLANG_ENABLE_MODULES = YES;
				CLANG_ENABLE_OBJC_ARC = YES;
				CLANG_ENABLE_OBJC_WEAK = YES;
				CLANG_WARN_BLOCK_CAPTURE_AUTORELEASING = YES;
				CLANG_WARN_BOOL_CONVERSION = YES;
				CLANG_WARN_COMMA = YES;
				CLANG_WARN_CONSTANT_CONVERSION = YES;
				CLANG_WARN_DEPRECATED_OBJC_IMPLEMENTATIONS = YES;
				CLANG_WARN_DIRECT_OBJC_ISA_USAGE = YES_ERROR;
				CLANG_WARN_DOCUMENTATION_COMMENTS = YES;
				CLANG_WARN_EMPTY_BODY = YES;
				CLANG_WARN_ENUM_CONVERSION = YES;
				CLANG_WARN_INFINITE_RECURSION = YES;
				CLANG_WARN_INT_CONVERSION = YES;
				CLANG_WARN_NON_LITERAL_NULL_CONVERSION = YES;
				CLANG_WARN_OBJC_IMPLICIT_RETAIN_SELF = YES;
				CLANG_WARN_OBJC_LITERAL_CONVERSION = YES;
				CLANG_WARN_OBJC_ROOT_CLASS = YES_ERROR;
				CLANG_WARN_QUOTED_INCLUDE_IN_FRAMEWORK_HEADER = YES;
				CLANG_WARN_RANGE_LOOP_ANALYSIS = YES;
				CLANG_WARN_STRICT_PROTOTYPES = YES;
				CLANG_WARN_SUSPICIOUS_MOVE = YES;
				CLANG_WARN_UNGUARDED_AVAILABILITY = YES_AGGRESSIVE;
				CLANG_WARN_UNREACHABLE_CODE = YES;
				CLANG_WARN__DUPLICATE_METHOD_MATCH = YES;
				COPY_PHASE_STRIP = NO;
				DEBUG_INFORMATION_FORMAT = dwarf;
				ENABLE_STRICT_OBJC_MSGSEND = YES;
				ENABLE_TESTABILITY = YES;
				ENABLE_USER_SCRIPT_SANDBOXING = YES;
				GCC_C_LANGUAGE_STANDARD = gnu17;
				GCC_DYNAMIC_NO_PIC = NO;
				GCC_NO_COMMON_BLOCKS = YES;
				GCC_OPTIMIZATION_LEVEL = 0;
				GCC_PREPROCESSOR_DEFINITIONS = (
					"DEBUG=1",
					"$(inherited)",
				);
				GCC_WARN_64_TO_32_BIT_CONVERSION = YES;
				GCC_WARN_ABOUT_RETURN_TYPE = YES_ERROR;
				GCC_WARN_UNDECLARED_SELECTOR = YES;
				GCC_WARN_UNINITIALIZED_AUTOS = YES_AGGRESSIVE;
				GCC_WARN_UNUSED_FUNCTION = YES;
				GCC_WARN_UNUSED_VARIABLE = YES;
				IPHONEOS_DEPLOYMENT_TARGET = 17.0;
				LOCALIZATION_PREFERS_STRING_CATALOGS = YES;
				MTL_ENABLE_DEBUG_INFO = INCLUDE_SOURCE;
				MTL_FAST_MATH = YES;
				ONLY_ACTIVE_ARCH = YES;
				SDKROOT = iphoneos;
				SWIFT_ACTIVE_COMPILATION_CONDITIONS = "DEBUG $(inherited)";
				SWIFT_OPTIMIZATION_LEVEL = "-Onone";
			};
			name = Debug;
		};
		2615BAED2B347BBD00B14AA2 /* Release */ = {
			isa = XCBuildConfiguration;
			buildSettings = {
				ALWAYS_SEARCH_USER_PATHS = NO;
				ASSETCATALOG_COMPILER_GENERATE_SWIFT_ASSET_SYMBOL_EXTENSIONS = YES;
				CLANG_ANALYZER_NONNULL = YES;
				CLANG_ANALYZER_NUMBER_OBJECT_CONVERSION = YES_AGGRESSIVE;
				CLANG_CXX_LANGUAGE_STANDARD = "gnu++20";
				CLANG_ENABLE_MODULES = YES;
				CLANG_ENABLE_OBJC_ARC = YES;
				CLANG_ENABLE_OBJC_WEAK = YES;
				CLANG_WARN_BLOCK_CAPTURE_AUTORELEASING = YES;
				CLANG_WARN_BOOL_CONVERSION = YES;
				CLANG_WARN_COMMA = YES;
				CLANG_WARN_CONSTANT_CONVERSION = YES;
				CLANG_WARN_DEPRECATED_OBJC_IMPLEMENTATIONS = YES;
				CLANG_WARN_DIRECT_OBJC_ISA_USAGE = YES_ERROR;
				CLANG_WARN_DOCUMENTATION_COMMENTS = YES;
				CLANG_WARN_EMPTY_BODY = YES;
				CLANG_WARN_ENUM_CONVERSION = YES;
				CLANG_WARN_INFINITE_RECURSION = YES;
				CLANG_WARN_INT_CONVERSION = YES;
				CLANG_WARN_NON_LITERAL_NULL_CONVERSION = YES;
				CLANG_WARN_OBJC_IMPLICIT_RETAIN_SELF = YES;
				CLANG_WARN_OBJC_LITERAL_CONVERSION = YES;
				CLANG_WARN_OBJC_ROOT_CLASS = YES_ERROR;
				CLANG_WARN_QUOTED_INCLUDE_IN_FRAMEWORK_HEADER = YES;
				CLANG_WARN_RANGE_LOOP_ANALYSIS = YES;
				CLANG_WARN_STRICT_PROTOTYPES = YES;
				CLANG_WARN_SUSPICIOUS_MOVE = YES;
				CLANG_WARN_UNGUARDED_AVAILABILITY = YES_AGGRESSIVE;
				CLANG_WARN_UNREACHABLE_CODE = YES;
				CLANG_WARN__DUPLICATE_METHOD_MATCH = YES;
				COPY_PHASE_STRIP = NO;
				DEBUG_INFORMATION_FORMAT = "dwarf-with-dsym";
				ENABLE_NS_ASSERTIONS = NO;
				ENABLE_STRICT_OBJC_MSGSEND = YES;
				ENABLE_USER_SCRIPT_SANDBOXING = YES;
				GCC_C_LANGUAGE_STANDARD = gnu17;
				GCC_NO_COMMON_BLOCKS = YES;
				GCC_WARN_64_TO_32_BIT_CONVERSION = YES;
				GCC_WARN_ABOUT_RETURN_TYPE = YES_ERROR;
				GCC_WARN_UNDECLARED_SELECTOR = YES;
				GCC_WARN_UNINITIALIZED_AUTOS = YES_AGGRESSIVE;
				GCC_WARN_UNUSED_FUNCTION = YES;
				GCC_WARN_UNUSED_VARIABLE = YES;
				IPHONEOS_DEPLOYMENT_TARGET = 17.0;
				LOCALIZATION_PREFERS_STRING_CATALOGS = YES;
				MTL_ENABLE_DEBUG_INFO = NO;
				MTL_FAST_MATH = YES;
				SDKROOT = iphoneos;
				SWIFT_COMPILATION_MODE = wholemodule;
				VALIDATE_PRODUCT = YES;
			};
			name = Release;
		};
		2615BAEF2B347BBD00B14AA2 /* Debug */ = {
			isa = XCBuildConfiguration;
			buildSettings = {
				ASSETCATALOG_COMPILER_APPICON_NAME = AppIcon;
				ASSETCATALOG_COMPILER_GLOBAL_ACCENT_COLOR_NAME = AccentColor;
				CODE_SIGN_STYLE = Automatic;
				CURRENT_PROJECT_VERSION = 1;
				DEVELOPMENT_ASSET_PATHS = "\"Habits/Preview Content\"";
				DEVELOPMENT_TEAM = X6HD2Z8AT6;
				ENABLE_PREVIEWS = YES;
				GENERATE_INFOPLIST_FILE = YES;
				INFOPLIST_KEY_UIApplicationSceneManifest_Generation = YES;
				INFOPLIST_KEY_UIApplicationSupportsIndirectInputEvents = YES;
				INFOPLIST_KEY_UILaunchScreen_Generation = YES;
				INFOPLIST_KEY_UISupportedInterfaceOrientations_iPad = "UIInterfaceOrientationPortrait UIInterfaceOrientationPortraitUpsideDown UIInterfaceOrientationLandscapeLeft UIInterfaceOrientationLandscapeRight";
				INFOPLIST_KEY_UISupportedInterfaceOrientations_iPhone = "UIInterfaceOrientationPortrait UIInterfaceOrientationLandscapeLeft UIInterfaceOrientationLandscapeRight";
				LD_RUNPATH_SEARCH_PATHS = (
					"$(inherited)",
					"@executable_path/Frameworks",
				);
				MARKETING_VERSION = 1.0;
				PRODUCT_BUNDLE_IDENTIFIER = emmajoi.Habits;
				PRODUCT_NAME = "$(TARGET_NAME)";
				SWIFT_EMIT_LOC_STRINGS = YES;
				SWIFT_VERSION = 5.0;
				TARGETED_DEVICE_FAMILY = "1,2";
			};
			name = Debug;
		};
		2615BAF02B347BBD00B14AA2 /* Release */ = {
			isa = XCBuildConfiguration;
			buildSettings = {
				ASSETCATALOG_COMPILER_APPICON_NAME = AppIcon;
				ASSETCATALOG_COMPILER_GLOBAL_ACCENT_COLOR_NAME = AccentColor;
				CODE_SIGN_STYLE = Automatic;
				CURRENT_PROJECT_VERSION = 1;
				DEVELOPMENT_ASSET_PATHS = "\"Habits/Preview Content\"";
				DEVELOPMENT_TEAM = X6HD2Z8AT6;
				ENABLE_PREVIEWS = YES;
				GENERATE_INFOPLIST_FILE = YES;
				INFOPLIST_KEY_UIApplicationSceneManifest_Generation = YES;
				INFOPLIST_KEY_UIApplicationSupportsIndirectInputEvents = YES;
				INFOPLIST_KEY_UILaunchScreen_Generation = YES;
				INFOPLIST_KEY_UISupportedInterfaceOrientations_iPad = "UIInterfaceOrientationPortrait UIInterfaceOrientationPortraitUpsideDown UIInterfaceOrientationLandscapeLeft UIInterfaceOrientationLandscapeRight";
				INFOPLIST_KEY_UISupportedInterfaceOrientations_iPhone = "UIInterfaceOrientationPortrait UIInterfaceOrientationLandscapeLeft UIInterfaceOrientationLandscapeRight";
				LD_RUNPATH_SEARCH_PATHS = (
					"$(inherited)",
					"@executable_path/Frameworks",
				);
				MARKETING_VERSION = 1.0;
				PRODUCT_BUNDLE_IDENTIFIER = emmajoi.Habits;
				PRODUCT_NAME = "$(TARGET_NAME)";
				SWIFT_EMIT_LOC_STRINGS = YES;
				SWIFT_VERSION = 5.0;
				TARGETED_DEVICE_FAMILY = "1,2";
			};
			name = Release;
		};
		2615BAF22B347BBD00B14AA2 /* Debug */ = {
			isa = XCBuildConfiguration;
			buildSettings = {
				ALWAYS_EMBED_SWIFT_STANDARD_LIBRARIES = YES;
				BUNDLE_LOADER = "$(TEST_HOST)";
				CODE_SIGN_STYLE = Automatic;
				CURRENT_PROJECT_VERSION = 1;
				DEVELOPMENT_TEAM = X6HD2Z8AT6;
				GENERATE_INFOPLIST_FILE = YES;
				IPHONEOS_DEPLOYMENT_TARGET = 17.0;
				MARKETING_VERSION = 1.0;
				PRODUCT_BUNDLE_IDENTIFIER = emmajoi.HabitsTests;
				PRODUCT_NAME = "$(TARGET_NAME)";
				SWIFT_EMIT_LOC_STRINGS = NO;
				SWIFT_VERSION = 5.0;
				TARGETED_DEVICE_FAMILY = "1,2";
				TEST_HOST = "$(BUILT_PRODUCTS_DIR)/Habits.app/$(BUNDLE_EXECUTABLE_FOLDER_PATH)/Habits";
			};
			name = Debug;
		};
		2615BAF32B347BBD00B14AA2 /* Release */ = {
			isa = XCBuildConfiguration;
			buildSettings = {
				ALWAYS_EMBED_SWIFT_STANDARD_LIBRARIES = YES;
				BUNDLE_LOADER = "$(TEST_HOST)";
				CODE_SIGN_STYLE = Automatic;
				CURRENT_PROJECT_VERSION = 1;
				DEVELOPMENT_TEAM = X6HD2Z8AT6;
				GENERATE_INFOPLIST_FILE = YES;
				IPHONEOS_DEPLOYMENT_TARGET = 17.0;
				MARKETING_VERSION = 1.0;
				PRODUCT_BUNDLE_IDENTIFIER = emmajoi.HabitsTests;
				PRODUCT_NAME = "$(TARGET_NAME)";
				SWIFT_EMIT_LOC_STRINGS = NO;
				SWIFT_VERSION = 5.0;
				TARGETED_DEVICE_FAMILY = "1,2";
				TEST_HOST = "$(BUILT_PRODUCTS_DIR)/Habits.app/$(BUNDLE_EXECUTABLE_FOLDER_PATH)/Habits";
			};
			name = Release;
		};
		2615BAF52B347BBD00B14AA2 /* Debug */ = {
			isa = XCBuildConfiguration;
			buildSettings = {
				ALWAYS_EMBED_SWIFT_STANDARD_LIBRARIES = YES;
				CODE_SIGN_STYLE = Automatic;
				CURRENT_PROJECT_VERSION = 1;
				DEVELOPMENT_TEAM = X6HD2Z8AT6;
				GENERATE_INFOPLIST_FILE = YES;
				MARKETING_VERSION = 1.0;
				PRODUCT_BUNDLE_IDENTIFIER = emmajoi.HabitsUITests;
				PRODUCT_NAME = "$(TARGET_NAME)";
				SWIFT_EMIT_LOC_STRINGS = NO;
				SWIFT_VERSION = 5.0;
				TARGETED_DEVICE_FAMILY = "1,2";
				TEST_TARGET_NAME = Habits;
			};
			name = Debug;
		};
		2615BAF62B347BBD00B14AA2 /* Release */ = {
			isa = XCBuildConfiguration;
			buildSettings = {
				ALWAYS_EMBED_SWIFT_STANDARD_LIBRARIES = YES;
				CODE_SIGN_STYLE = Automatic;
				CURRENT_PROJECT_VERSION = 1;
				DEVELOPMENT_TEAM = X6HD2Z8AT6;
				GENERATE_INFOPLIST_FILE = YES;
				MARKETING_VERSION = 1.0;
				PRODUCT_BUNDLE_IDENTIFIER = emmajoi.HabitsUITests;
				PRODUCT_NAME = "$(TARGET_NAME)";
				SWIFT_EMIT_LOC_STRINGS = NO;
				SWIFT_VERSION = 5.0;
				TARGETED_DEVICE_FAMILY = "1,2";
				TEST_TARGET_NAME = Habits;
			};
			name = Release;
		};
/* End XCBuildConfiguration section */

/* Begin XCConfigurationList section */
		2615BAC32B347BBC00B14AA2 /* Build configuration list for PBXProject "Habits" */ = {
			isa = XCConfigurationList;
			buildConfigurations = (
				2615BAEC2B347BBD00B14AA2 /* Debug */,
				2615BAED2B347BBD00B14AA2 /* Release */,
			);
			defaultConfigurationIsVisible = 0;
			defaultConfigurationName = Release;
		};
		2615BAEE2B347BBD00B14AA2 /* Build configuration list for PBXNativeTarget "Habits" */ = {
			isa = XCConfigurationList;
			buildConfigurations = (
				2615BAEF2B347BBD00B14AA2 /* Debug */,
				2615BAF02B347BBD00B14AA2 /* Release */,
			);
			defaultConfigurationIsVisible = 0;
			defaultConfigurationName = Release;
		};
		2615BAF12B347BBD00B14AA2 /* Build configuration list for PBXNativeTarget "HabitsTests" */ = {
			isa = XCConfigurationList;
			buildConfigurations = (
				2615BAF22B347BBD00B14AA2 /* Debug */,
				2615BAF32B347BBD00B14AA2 /* Release */,
			);
			defaultConfigurationIsVisible = 0;
			defaultConfigurationName = Release;
		};
		2615BAF42B347BBD00B14AA2 /* Build configuration list for PBXNativeTarget "HabitsUITests" */ = {
			isa = XCConfigurationList;
			buildConfigurations = (
				2615BAF52B347BBD00B14AA2 /* Debug */,
				2615BAF62B347BBD00B14AA2 /* Release */,
			);
			defaultConfigurationIsVisible = 0;
			defaultConfigurationName = Release;
		};
/* End XCConfigurationList section */
	};
	rootObject = 2615BAC02B347BBC00B14AA2 /* Project object */;
}
